
Microsoft Visual Studio Solution File, Format Version 12.00
# Visual Studio Version 16
VisualStudioVersion = 16.0.29519.181
MinimumVisualStudioVersion = 10.0.40219.1
Project("{FAE04EC0-301F-11D3-BF4B-00C04F79EFBC}") = "C_Projects", "C_Projects\C_Projects.csproj", "{ACF6E6FE-C124-466C-A77E-3E72D5C9F87D}"
EndProject
Project("{FAE04EC0-301F-11D3-BF4B-00C04F79EFBC}") = "Class_Project", "Class_Project\Class_Project.csproj", "{856AB0E7-F8AF-4F2D-9E48-1868CD527CFF}"
EndProject
Global
	GlobalSection(SolutionConfigurationPlatforms) = preSolution
		Debug|Any CPU = Debug|Any CPU
		Release|Any CPU = Release|Any CPU
	EndGlobalSection
	GlobalSection(ProjectConfigurationPlatforms) = postSolution
		{ACF6E6FE-C124-466C-A77E-3E72D5C9F87D}.Debug|Any CPU.ActiveCfg = Debug|Any CPU
		{ACF6E6FE-C124-466C-A77E-3E72D5C9F87D}.Debug|Any CPU.Build.0 = Debug|Any CPU
		{ACF6E6FE-C124-466C-A77E-3E72D5C9F87D}.Release|Any CPU.ActiveCfg = Release|Any CPU
		{ACF6E6FE-C124-466C-A77E-3E72D5C9F87D}.Release|Any CPU.Build.0 = Release|Any CPU
		{856AB0E7-F8AF-4F2D-9E48-1868CD527CFF}.Debug|Any CPU.ActiveCfg = Debug|Any CPU
		{856AB0E7-F8AF-4F2D-9E48-1868CD527CFF}.Debug|Any CPU.Build.0 = Debug|Any CPU
		{856AB0E7-F8AF-4F2D-9E48-1868CD527CFF}.Release|Any CPU.ActiveCfg = Release|Any CPU
		{856AB0E7-F8AF-4F2D-9E48-1868CD527CFF}.Release|Any CPU.Build.0 = Release|Any CPU
	EndGlobalSection
	GlobalSection(SolutionProperties) = preSolution
		HideSolutionNode = FALSE
	EndGlobalSection
	GlobalSection(ExtensibilityGlobals) = postSolution
		SolutionGuid = {B45FD668-C3DA-4E35-9633-2ABAF153E540}
	EndGlobalSection
EndGlobal
