
Microsoft Visual Studio Solution File, Format Version 12.00
# Visual Studio Version 16
VisualStudioVersion = 16.0.29519.181
MinimumVisualStudioVersion = 10.0.40219.1
Project("{FAE04EC0-301F-11D3-BF4B-00C04F79EFBC}") = "C_Projects", "C_Projects\C_Projects.csproj", "{ACF6E6FE-C124-466C-A77E-3E72D5C9F87D}"
EndProject
Project("{FAE04EC0-301F-11D3-BF4B-00C04F79EFBC}") = "Class_prj", "Class_prj\Class_prj.csproj", "{7AE405BD-4FFE-40ED-82F2-E69D445BA588}"
EndProject
Project("{FAE04EC0-301F-11D3-BF4B-00C04F79EFBC}") = "Method_prj", "Method_prj\Method_prj.csproj", "{7E00ACD3-572B-4A06-91EA-839289C0AD22}"
EndProject
Project("{FAE04EC0-301F-11D3-BF4B-00C04F79EFBC}") = "Card_prj", "Card_prj\Card_prj.csproj", "{251842D1-4244-4518-A700-6ED060946B9A}"
EndProject
Global
	GlobalSection(SolutionConfigurationPlatforms) = preSolution
		Debug|Any CPU = Debug|Any CPU
		Release|Any CPU = Release|Any CPU
	EndGlobalSection
	GlobalSection(ProjectConfigurationPlatforms) = postSolution
		{ACF6E6FE-C124-466C-A77E-3E72D5C9F87D}.Debug|Any CPU.ActiveCfg = Debug|Any CPU
		{ACF6E6FE-C124-466C-A77E-3E72D5C9F87D}.Debug|Any CPU.Build.0 = Debug|Any CPU
		{ACF6E6FE-C124-466C-A77E-3E72D5C9F87D}.Release|Any CPU.ActiveCfg = Release|Any CPU
		{ACF6E6FE-C124-466C-A77E-3E72D5C9F87D}.Release|Any CPU.Build.0 = Release|Any CPU
		{7AE405BD-4FFE-40ED-82F2-E69D445BA588}.Debug|Any CPU.ActiveCfg = Debug|Any CPU
		{7AE405BD-4FFE-40ED-82F2-E69D445BA588}.Debug|Any CPU.Build.0 = Debug|Any CPU
		{7AE405BD-4FFE-40ED-82F2-E69D445BA588}.Release|Any CPU.ActiveCfg = Release|Any CPU
		{7AE405BD-4FFE-40ED-82F2-E69D445BA588}.Release|Any CPU.Build.0 = Release|Any CPU
		{7E00ACD3-572B-4A06-91EA-839289C0AD22}.Debug|Any CPU.ActiveCfg = Debug|Any CPU
		{7E00ACD3-572B-4A06-91EA-839289C0AD22}.Debug|Any CPU.Build.0 = Debug|Any CPU
		{7E00ACD3-572B-4A06-91EA-839289C0AD22}.Release|Any CPU.ActiveCfg = Release|Any CPU
		{7E00ACD3-572B-4A06-91EA-839289C0AD22}.Release|Any CPU.Build.0 = Release|Any CPU
		{251842D1-4244-4518-A700-6ED060946B9A}.Debug|Any CPU.ActiveCfg = Debug|Any CPU
		{251842D1-4244-4518-A700-6ED060946B9A}.Debug|Any CPU.Build.0 = Debug|Any CPU
		{251842D1-4244-4518-A700-6ED060946B9A}.Release|Any CPU.ActiveCfg = Release|Any CPU
		{251842D1-4244-4518-A700-6ED060946B9A}.Release|Any CPU.Build.0 = Release|Any CPU
	EndGlobalSection
	GlobalSection(SolutionProperties) = preSolution
		HideSolutionNode = FALSE
	EndGlobalSection
	GlobalSection(ExtensibilityGlobals) = postSolution
		SolutionGuid = {B45FD668-C3DA-4E35-9633-2ABAF153E540}
	EndGlobalSection
EndGlobal
